
Microsoft Visual Studio Solution File, Format Version 12.00
# Visual Studio Version 17
VisualStudioVersion = 17.7.34221.43
MinimumVisualStudioVersion = 10.0.40219.1
Project("{FAE04EC0-301F-11D3-BF4B-00C04F79EFBC}") = "Automatonymous.Console", "Automatonymous.Console\Automatonymous.Console.csproj", "{432B1FE4-E889-46B4-97B3-845A499B0097}"
EndProject
Global
	GlobalSection(SolutionConfigurationPlatforms) = preSolution
		Debug|Any CPU = Debug|Any CPU
		Release|Any CPU = Release|Any CPU
	EndGlobalSection
	GlobalSection(ProjectConfigurationPlatforms) = postSolution
		{432B1FE4-E889-46B4-97B3-845A499B0097}.Debug|Any CPU.ActiveCfg = Debug|Any CPU
		{432B1FE4-E889-46B4-97B3-845A499B0097}.Debug|Any CPU.Build.0 = Debug|Any CPU
		{432B1FE4-E889-46B4-97B3-845A499B0097}.Release|Any CPU.ActiveCfg = Release|Any CPU
		{432B1FE4-E889-46B4-97B3-845A499B0097}.Release|Any CPU.Build.0 = Release|Any CPU
	EndGlobalSection
	GlobalSection(SolutionProperties) = preSolution
		HideSolutionNode = FALSE
	EndGlobalSection
	GlobalSection(ExtensibilityGlobals) = postSolution
		SolutionGuid = {C3365D6A-8119-4243-AD86-23FAFE433CF4}
	EndGlobalSection
EndGlobal
